
Microsoft Visual Studio Solution File, Format Version 12.00
# Visual Studio 15
VisualStudioVersion = 15.0.26228.9
MinimumVisualStudioVersion = 10.0.40219.1
Project("{FAE04EC0-301F-11D3-BF4B-00C04F79EFBC}") = "Week12-13", "Week12-13\Week12-13.csproj", "{A616E34D-50F1-4AC0-8959-3B66073EA716}"
EndProject
Global
	GlobalSection(SolutionConfigurationPlatforms) = preSolution
		Debug|Any CPU = Debug|Any CPU
		Release|Any CPU = Release|Any CPU
	EndGlobalSection
	GlobalSection(ProjectConfigurationPlatforms) = postSolution
		{A616E34D-50F1-4AC0-8959-3B66073EA716}.Debug|Any CPU.ActiveCfg = Debug|Any CPU
		{A616E34D-50F1-4AC0-8959-3B66073EA716}.Debug|Any CPU.Build.0 = Debug|Any CPU
		{A616E34D-50F1-4AC0-8959-3B66073EA716}.Release|Any CPU.ActiveCfg = Release|Any CPU
		{A616E34D-50F1-4AC0-8959-3B66073EA716}.Release|Any CPU.Build.0 = Release|Any CPU
	EndGlobalSection
	GlobalSection(SolutionProperties) = preSolution
		HideSolutionNode = FALSE
	EndGlobalSection
EndGlobal
