
Microsoft Visual Studio Solution File, Format Version 12.00
# Visual Studio 15
VisualStudioVersion = 15.0.26228.9
MinimumVisualStudioVersion = 10.0.40219.1
Project("{FAE04EC0-301F-11D3-BF4B-00C04F79EFBC}") = "Final", "Final\Final.csproj", "{5DF3D12B-2825-487E-9E11-4E941E8A628A}"
EndProject
Project("{FAE04EC0-301F-11D3-BF4B-00C04F79EFBC}") = "Task2", "Task2\Task2.csproj", "{E8710F44-55BF-44EC-8245-9EC7A0605668}"
EndProject
Project("{FAE04EC0-301F-11D3-BF4B-00C04F79EFBC}") = "Task3", "Task3\Task3.csproj", "{8CC4B27D-E490-450D-AD40-01759A7DCB1A}"
EndProject
Project("{FAE04EC0-301F-11D3-BF4B-00C04F79EFBC}") = "Task4", "Task4\Task4.csproj", "{10368507-D651-44A0-BE66-B7FC2A2A9F40}"
EndProject
Project("{FAE04EC0-301F-11D3-BF4B-00C04F79EFBC}") = "DinoGame", "DinoGame\DinoGame.csproj", "{39527BE3-0FA8-48D5-8F5E-426508A7D7D2}"
EndProject
Global
	GlobalSection(SolutionConfigurationPlatforms) = preSolution
		Debug|Any CPU = Debug|Any CPU
		Release|Any CPU = Release|Any CPU
	EndGlobalSection
	GlobalSection(ProjectConfigurationPlatforms) = postSolution
		{5DF3D12B-2825-487E-9E11-4E941E8A628A}.Debug|Any CPU.ActiveCfg = Debug|Any CPU
		{5DF3D12B-2825-487E-9E11-4E941E8A628A}.Debug|Any CPU.Build.0 = Debug|Any CPU
		{5DF3D12B-2825-487E-9E11-4E941E8A628A}.Release|Any CPU.ActiveCfg = Release|Any CPU
		{5DF3D12B-2825-487E-9E11-4E941E8A628A}.Release|Any CPU.Build.0 = Release|Any CPU
		{E8710F44-55BF-44EC-8245-9EC7A0605668}.Debug|Any CPU.ActiveCfg = Debug|Any CPU
		{E8710F44-55BF-44EC-8245-9EC7A0605668}.Debug|Any CPU.Build.0 = Debug|Any CPU
		{E8710F44-55BF-44EC-8245-9EC7A0605668}.Release|Any CPU.ActiveCfg = Release|Any CPU
		{E8710F44-55BF-44EC-8245-9EC7A0605668}.Release|Any CPU.Build.0 = Release|Any CPU
		{8CC4B27D-E490-450D-AD40-01759A7DCB1A}.Debug|Any CPU.ActiveCfg = Debug|Any CPU
		{8CC4B27D-E490-450D-AD40-01759A7DCB1A}.Debug|Any CPU.Build.0 = Debug|Any CPU
		{8CC4B27D-E490-450D-AD40-01759A7DCB1A}.Release|Any CPU.ActiveCfg = Release|Any CPU
		{8CC4B27D-E490-450D-AD40-01759A7DCB1A}.Release|Any CPU.Build.0 = Release|Any CPU
		{10368507-D651-44A0-BE66-B7FC2A2A9F40}.Debug|Any CPU.ActiveCfg = Debug|Any CPU
		{10368507-D651-44A0-BE66-B7FC2A2A9F40}.Debug|Any CPU.Build.0 = Debug|Any CPU
		{10368507-D651-44A0-BE66-B7FC2A2A9F40}.Release|Any CPU.ActiveCfg = Release|Any CPU
		{10368507-D651-44A0-BE66-B7FC2A2A9F40}.Release|Any CPU.Build.0 = Release|Any CPU
		{39527BE3-0FA8-48D5-8F5E-426508A7D7D2}.Debug|Any CPU.ActiveCfg = Debug|Any CPU
		{39527BE3-0FA8-48D5-8F5E-426508A7D7D2}.Debug|Any CPU.Build.0 = Debug|Any CPU
		{39527BE3-0FA8-48D5-8F5E-426508A7D7D2}.Release|Any CPU.ActiveCfg = Release|Any CPU
		{39527BE3-0FA8-48D5-8F5E-426508A7D7D2}.Release|Any CPU.Build.0 = Release|Any CPU
	EndGlobalSection
	GlobalSection(SolutionProperties) = preSolution
		HideSolutionNode = FALSE
	EndGlobalSection
EndGlobal
